// !$*UTF8*$!
{
	archiveVersion = 1;
	classes = {
	};
	objectVersion = 50;
	objects = {

/* Begin PBXBuildFile section */
		A5D30BBB2376F5FA0061D03A /* AppDelegate.m in Sources */ = {isa = PBXBuildFile; fileRef = A5D30BBA2376F5FA0061D03A /* AppDelegate.m */; };
		A5D30BC12376F5FA0061D03A /* ViewController.m in Sources */ = {isa = PBXBuildFile; fileRef = A5D30BC02376F5FA0061D03A /* ViewController.m */; };
		A5D30BC42376F5FA0061D03A /* Main.storyboard in Resources */ = {isa = PBXBuildFile; fileRef = A5D30BC22376F5FA0061D03A /* Main.storyboard */; };
		A5D30BC62376F5FC0061D03A /* Assets.xcassets in Resources */ = {isa = PBXBuildFile; fileRef = A5D30BC52376F5FC0061D03A /* Assets.xcassets */; };
		A5D30BC92376F5FC0061D03A /* LaunchScreen.storyboard in Resources */ = {isa = PBXBuildFile; fileRef = A5D30BC72376F5FC0061D03A /* LaunchScreen.storyboard */; };
		A5D30BCC2376F5FC0061D03A /* main.m in Sources */ = {isa = PBXBuildFile; fileRef = A5D30BCB2376F5FC0061D03A /* main.m */; };
		A5D30BD62376F5FC0061D03A /* RunLoopTests.m in Sources */ = {isa = PBXBuildFile; fileRef = A5D30BD52376F5FC0061D03A /* RunLoopTests.m */; };
		A5D30BE12376F5FC0061D03A /* RunLoopUITests.m in Sources */ = {isa = PBXBuildFile; fileRef = A5D30BE02376F5FC0061D03A /* RunLoopUITests.m */; };
		A5D30BF02377837E0061D03A /* ViewController1.m in Sources */ = {isa = PBXBuildFile; fileRef = A5D30BEF2377837E0061D03A /* ViewController1.m */; };
		A5D30BF3237798AC0061D03A /* ViewController2.m in Sources */ = {isa = PBXBuildFile; fileRef = A5D30BF2237798AC0061D03A /* ViewController2.m */; };
		A5D30BF523779F3C0061D03A /* tupian.png in Resources */ = {isa = PBXBuildFile; fileRef = A5D30BF423779F3C0061D03A /* tupian.png */; };
		A5D30BF72377B5290061D03A /* 20121024114828_TtcQe.jpeg in Resources */ = {isa = PBXBuildFile; fileRef = A5D30BF62377B5290061D03A /* 20121024114828_TtcQe.jpeg */; };
/* End PBXBuildFile section */

/* Begin PBXContainerItemProxy section */
		A5D30BD22376F5FC0061D03A /* PBXContainerItemProxy */ = {
			isa = PBXContainerItemProxy;
			containerPortal = A5D30BAE2376F5FA0061D03A /* Project object */;
			proxyType = 1;
			remoteGlobalIDString = A5D30BB52376F5FA0061D03A;
			remoteInfo = RunLoop;
		};
		A5D30BDD2376F5FC0061D03A /* PBXContainerItemProxy */ = {
			isa = PBXContainerItemProxy;
			containerPortal = A5D30BAE2376F5FA0061D03A /* Project object */;
			proxyType = 1;
			remoteGlobalIDString = A5D30BB52376F5FA0061D03A;
			remoteInfo = RunLoop;
		};
/* End PBXContainerItemProxy section */

/* Begin PBXFileReference section */
		A5D30BB62376F5FA0061D03A /* RunLoop.app */ = {isa = PBXFileReference; explicitFileType = wrapper.application; includeInIndex = 0; path = RunLoop.app; sourceTree = BUILT_PRODUCTS_DIR; };
		A5D30BB92376F5FA0061D03A /* AppDelegate.h */ = {isa = PBXFileReference; lastKnownFileType = sourcecode.c.h; path = AppDelegate.h; sourceTree = "<group>"; };
		A5D30BBA2376F5FA0061D03A /* AppDelegate.m */ = {isa = PBXFileReference; lastKnownFileType = sourcecode.c.objc; path = AppDelegate.m; sourceTree = "<group>"; };
		A5D30BBF2376F5FA0061D03A /* ViewController.h */ = {isa = PBXFileReference; lastKnownFileType = sourcecode.c.h; path = ViewController.h; sourceTree = "<group>"; };
		A5D30BC02376F5FA0061D03A /* ViewController.m */ = {isa = PBXFileReference; lastKnownFileType = sourcecode.c.objc; path = ViewController.m; sourceTree = "<group>"; };
		A5D30BC32376F5FA0061D03A /* Base */ = {isa = PBXFileReference; lastKnownFileType = file.storyboard; name = Base; path = Base.lproj/Main.storyboard; sourceTree = "<group>"; };
		A5D30BC52376F5FC0061D03A /* Assets.xcassets */ = {isa = PBXFileReference; lastKnownFileType = folder.assetcatalog; path = Assets.xcassets; sourceTree = "<group>"; };
		A5D30BC82376F5FC0061D03A /* Base */ = {isa = PBXFileReference; lastKnownFileType = file.storyboard; name = Base; path = Base.lproj/LaunchScreen.storyboard; sourceTree = "<group>"; };
		A5D30BCA2376F5FC0061D03A /* Info.plist */ = {isa = PBXFileReference; lastKnownFileType = text.plist.xml; path = Info.plist; sourceTree = "<group>"; };
		A5D30BCB2376F5FC0061D03A /* main.m */ = {isa = PBXFileReference; lastKnownFileType = sourcecode.c.objc; path = main.m; sourceTree = "<group>"; };
		A5D30BD12376F5FC0061D03A /* RunLoopTests.xctest */ = {isa = PBXFileReference; explicitFileType = wrapper.cfbundle; includeInIndex = 0; path = RunLoopTests.xctest; sourceTree = BUILT_PRODUCTS_DIR; };
		A5D30BD52376F5FC0061D03A /* RunLoopTests.m */ = {isa = PBXFileReference; lastKnownFileType = sourcecode.c.objc; path = RunLoopTests.m; sourceTree = "<group>"; };
		A5D30BD72376F5FC0061D03A /* Info.plist */ = {isa = PBXFileReference; lastKnownFileType = text.plist.xml; path = Info.plist; sourceTree = "<group>"; };
		A5D30BDC2376F5FC0061D03A /* RunLoopUITests.xctest */ = {isa = PBXFileReference; explicitFileType = wrapper.cfbundle; includeInIndex = 0; path = RunLoopUITests.xctest; sourceTree = BUILT_PRODUCTS_DIR; };
		A5D30BE02376F5FC0061D03A /* RunLoopUITests.m */ = {isa = PBXFileReference; lastKnownFileType = sourcecode.c.objc; path = RunLoopUITests.m; sourceTree = "<group>"; };
		A5D30BE22376F5FC0061D03A /* Info.plist */ = {isa = PBXFileReference; lastKnownFileType = text.plist.xml; path = Info.plist; sourceTree = "<group>"; };
		A5D30BEE2377837E0061D03A /* ViewController1.h */ = {isa = PBXFileReference; lastKnownFileType = sourcecode.c.h; path = ViewController1.h; sourceTree = "<group>"; };
		A5D30BEF2377837E0061D03A /* ViewController1.m */ = {isa = PBXFileReference; lastKnownFileType = sourcecode.c.objc; path = ViewController1.m; sourceTree = "<group>"; };
		A5D30BF1237798AC0061D03A /* ViewController2.h */ = {isa = PBXFileReference; lastKnownFileType = sourcecode.c.h; path = ViewController2.h; sourceTree = "<group>"; };
		A5D30BF2237798AC0061D03A /* ViewController2.m */ = {isa = PBXFileReference; lastKnownFileType = sourcecode.c.objc; path = ViewController2.m; sourceTree = "<group>"; };
		A5D30BF423779F3C0061D03A /* tupian.png */ = {isa = PBXFileReference; lastKnownFileType = image.png; path = tupian.png; sourceTree = "<group>"; };
		A5D30BF62377B5290061D03A /* 20121024114828_TtcQe.jpeg */ = {isa = PBXFileReference; lastKnownFileType = image.jpeg; path = 20121024114828_TtcQe.jpeg; sourceTree = "<group>"; };
/* End PBXFileReference section */

/* Begin PBXFrameworksBuildPhase section */
		A5D30BB32376F5FA0061D03A /* Frameworks */ = {
			isa = PBXFrameworksBuildPhase;
			buildActionMask = 2147483647;
			files = (
			);
			runOnlyForDeploymentPostprocessing = 0;
		};
		A5D30BCE2376F5FC0061D03A /* Frameworks */ = {
			isa = PBXFrameworksBuildPhase;
			buildActionMask = 2147483647;
			files = (
			);
			runOnlyForDeploymentPostprocessing = 0;
		};
		A5D30BD92376F5FC0061D03A /* Frameworks */ = {
			isa = PBXFrameworksBuildPhase;
			buildActionMask = 2147483647;
			files = (
			);
			runOnlyForDeploymentPostprocessing = 0;
		};
/* End PBXFrameworksBuildPhase section */

/* Begin PBXGroup section */
		A5D30BAD2376F5FA0061D03A = {
			isa = PBXGroup;
			children = (
				A5D30BB82376F5FA0061D03A /* RunLoop */,
				A5D30BD42376F5FC0061D03A /* RunLoopTests */,
				A5D30BDF2376F5FC0061D03A /* RunLoopUITests */,
				A5D30BB72376F5FA0061D03A /* Products */,
			);
			sourceTree = "<group>";
		};
		A5D30BB72376F5FA0061D03A /* Products */ = {
			isa = PBXGroup;
			children = (
				A5D30BB62376F5FA0061D03A /* RunLoop.app */,
				A5D30BD12376F5FC0061D03A /* RunLoopTests.xctest */,
				A5D30BDC2376F5FC0061D03A /* RunLoopUITests.xctest */,
			);
			name = Products;
			sourceTree = "<group>";
		};
		A5D30BB82376F5FA0061D03A /* RunLoop */ = {
			isa = PBXGroup;
			children = (
				A5D30BB92376F5FA0061D03A /* AppDelegate.h */,
				A5D30BBA2376F5FA0061D03A /* AppDelegate.m */,
				A5D30BBF2376F5FA0061D03A /* ViewController.h */,
				A5D30BC02376F5FA0061D03A /* ViewController.m */,
				A5D30BEE2377837E0061D03A /* ViewController1.h */,
				A5D30BEF2377837E0061D03A /* ViewController1.m */,
				A5D30BF1237798AC0061D03A /* ViewController2.h */,
				A5D30BF2237798AC0061D03A /* ViewController2.m */,
				A5D30BF423779F3C0061D03A /* tupian.png */,
				A5D30BF62377B5290061D03A /* 20121024114828_TtcQe.jpeg */,
				A5D30BC22376F5FA0061D03A /* Main.storyboard */,
				A5D30BC52376F5FC0061D03A /* Assets.xcassets */,
				A5D30BC72376F5FC0061D03A /* LaunchScreen.storyboard */,
				A5D30BCA2376F5FC0061D03A /* Info.plist */,
				A5D30BCB2376F5FC0061D03A /* main.m */,
			);
			path = RunLoop;
			sourceTree = "<group>";
		};
		A5D30BD42376F5FC0061D03A /* RunLoopTests */ = {
			isa = PBXGroup;
			children = (
				A5D30BD52376F5FC0061D03A /* RunLoopTests.m */,
				A5D30BD72376F5FC0061D03A /* Info.plist */,
			);
			path = RunLoopTests;
			sourceTree = "<group>";
		};
		A5D30BDF2376F5FC0061D03A /* RunLoopUITests */ = {
			isa = PBXGroup;
			children = (
				A5D30BE02376F5FC0061D03A /* RunLoopUITests.m */,
				A5D30BE22376F5FC0061D03A /* Info.plist */,
			);
			path = RunLoopUITests;
			sourceTree = "<group>";
		};
/* End PBXGroup section */

/* Begin PBXNativeTarget section */
		A5D30BB52376F5FA0061D03A /* RunLoop */ = {
			isa = PBXNativeTarget;
			buildConfigurationList = A5D30BE52376F5FC0061D03A /* Build configuration list for PBXNativeTarget "RunLoop" */;
			buildPhases = (
				A5D30BB22376F5FA0061D03A /* Sources */,
				A5D30BB32376F5FA0061D03A /* Frameworks */,
				A5D30BB42376F5FA0061D03A /* Resources */,
			);
			buildRules = (
			);
			dependencies = (
			);
			name = RunLoop;
			productName = RunLoop;
			productReference = A5D30BB62376F5FA0061D03A /* RunLoop.app */;
			productType = "com.apple.product-type.application";
		};
		A5D30BD02376F5FC0061D03A /* RunLoopTests */ = {
			isa = PBXNativeTarget;
			buildConfigurationList = A5D30BE82376F5FC0061D03A /* Build configuration list for PBXNativeTarget "RunLoopTests" */;
			buildPhases = (
				A5D30BCD2376F5FC0061D03A /* Sources */,
				A5D30BCE2376F5FC0061D03A /* Frameworks */,
				A5D30BCF2376F5FC0061D03A /* Resources */,
			);
			buildRules = (
			);
			dependencies = (
				A5D30BD32376F5FC0061D03A /* PBXTargetDependency */,
			);
			name = RunLoopTests;
			productName = RunLoopTests;
			productReference = A5D30BD12376F5FC0061D03A /* RunLoopTests.xctest */;
			productType = "com.apple.product-type.bundle.unit-test";
		};
		A5D30BDB2376F5FC0061D03A /* RunLoopUITests */ = {
			isa = PBXNativeTarget;
			buildConfigurationList = A5D30BEB2376F5FC0061D03A /* Build configuration list for PBXNativeTarget "RunLoopUITests" */;
			buildPhases = (
				A5D30BD82376F5FC0061D03A /* Sources */,
				A5D30BD92376F5FC0061D03A /* Frameworks */,
				A5D30BDA2376F5FC0061D03A /* Resources */,
			);
			buildRules = (
			);
			dependencies = (
				A5D30BDE2376F5FC0061D03A /* PBXTargetDependency */,
			);
			name = RunLoopUITests;
			productName = RunLoopUITests;
			productReference = A5D30BDC2376F5FC0061D03A /* RunLoopUITests.xctest */;
			productType = "com.apple.product-type.bundle.ui-testing";
		};
/* End PBXNativeTarget section */

/* Begin PBXProject section */
		A5D30BAE2376F5FA0061D03A /* Project object */ = {
			isa = PBXProject;
			attributes = {
				LastUpgradeCheck = 1120;
				ORGANIZATIONNAME = JianfengXu;
				TargetAttributes = {
					A5D30BB52376F5FA0061D03A = {
						CreatedOnToolsVersion = 11.2;
					};
					A5D30BD02376F5FC0061D03A = {
						CreatedOnToolsVersion = 11.2;
						TestTargetID = A5D30BB52376F5FA0061D03A;
					};
					A5D30BDB2376F5FC0061D03A = {
						CreatedOnToolsVersion = 11.2;
						TestTargetID = A5D30BB52376F5FA0061D03A;
					};
				};
			};
			buildConfigurationList = A5D30BB12376F5FA0061D03A /* Build configuration list for PBXProject "RunLoop" */;
			compatibilityVersion = "Xcode 9.3";
			developmentRegion = en;
			hasScannedForEncodings = 0;
			knownRegions = (
				en,
				Base,
			);
			mainGroup = A5D30BAD2376F5FA0061D03A;
			productRefGroup = A5D30BB72376F5FA0061D03A /* Products */;
			projectDirPath = "";
			projectRoot = "";
			targets = (
				A5D30BB52376F5FA0061D03A /* RunLoop */,
				A5D30BD02376F5FC0061D03A /* RunLoopTests */,
				A5D30BDB2376F5FC0061D03A /* RunLoopUITests */,
			);
		};
/* End PBXProject section */

/* Begin PBXResourcesBuildPhase section */
		A5D30BB42376F5FA0061D03A /* Resources */ = {
			isa = PBXResourcesBuildPhase;
			buildActionMask = 2147483647;
			files = (
				A5D30BC92376F5FC0061D03A /* LaunchScreen.storyboard in Resources */,
				A5D30BF523779F3C0061D03A /* tupian.png in Resources */,
				A5D30BC62376F5FC0061D03A /* Assets.xcassets in Resources */,
				A5D30BF72377B5290061D03A /* 20121024114828_TtcQe.jpeg in Resources */,
				A5D30BC42376F5FA0061D03A /* Main.storyboard in Resources */,
			);
			runOnlyForDeploymentPostprocessing = 0;
		};
		A5D30BCF2376F5FC0061D03A /* Resources */ = {
			isa = PBXResourcesBuildPhase;
			buildActionMask = 2147483647;
			files = (
			);
			runOnlyForDeploymentPostprocessing = 0;
		};
		A5D30BDA2376F5FC0061D03A /* Resources */ = {
			isa = PBXResourcesBuildPhase;
			buildActionMask = 2147483647;
			files = (
			);
			runOnlyForDeploymentPostprocessing = 0;
		};
/* End PBXResourcesBuildPhase section */

/* Begin PBXSourcesBuildPhase section */
		A5D30BB22376F5FA0061D03A /* Sources */ = {
			isa = PBXSourcesBuildPhase;
			buildActionMask = 2147483647;
			files = (
				A5D30BF02377837E0061D03A /* ViewController1.m in Sources */,
				A5D30BC12376F5FA0061D03A /* ViewController.m in Sources */,
				A5D30BF3237798AC0061D03A /* ViewController2.m in Sources */,
				A5D30BBB2376F5FA0061D03A /* AppDelegate.m in Sources */,
				A5D30BCC2376F5FC0061D03A /* main.m in Sources */,
			);
			runOnlyForDeploymentPostprocessing = 0;
		};
		A5D30BCD2376F5FC0061D03A /* Sources */ = {
			isa = PBXSourcesBuildPhase;
			buildActionMask = 2147483647;
			files = (
				A5D30BD62376F5FC0061D03A /* RunLoopTests.m in Sources */,
			);
			runOnlyForDeploymentPostprocessing = 0;
		};
		A5D30BD82376F5FC0061D03A /* Sources */ = {
			isa = PBXSourcesBuildPhase;
			buildActionMask = 2147483647;
			files = (
				A5D30BE12376F5FC0061D03A /* RunLoopUITests.m in Sources */,
			);
			runOnlyForDeploymentPostprocessing = 0;
		};
/* End PBXSourcesBuildPhase section */

/* Begin PBXTargetDependency section */
		A5D30BD32376F5FC0061D03A /* PBXTargetDependency */ = {
			isa = PBXTargetDependency;
			target = A5D30BB52376F5FA0061D03A /* RunLoop */;
			targetProxy = A5D30BD22376F5FC0061D03A /* PBXContainerItemProxy */;
		};
		A5D30BDE2376F5FC0061D03A /* PBXTargetDependency */ = {
			isa = PBXTargetDependency;
			target = A5D30BB52376F5FA0061D03A /* RunLoop */;
			targetProxy = A5D30BDD2376F5FC0061D03A /* PBXContainerItemProxy */;
		};
/* End PBXTargetDependency section */

/* Begin PBXVariantGroup section */
		A5D30BC22376F5FA0061D03A /* Main.storyboard */ = {
			isa = PBXVariantGroup;
			children = (
				A5D30BC32376F5FA0061D03A /* Base */,
			);
			name = Main.storyboard;
			sourceTree = "<group>";
		};
		A5D30BC72376F5FC0061D03A /* LaunchScreen.storyboard */ = {
			isa = PBXVariantGroup;
			children = (
				A5D30BC82376F5FC0061D03A /* Base */,
			);
			name = LaunchScreen.storyboard;
			sourceTree = "<group>";
		};
/* End PBXVariantGroup section */

/* Begin XCBuildConfiguration section */
		A5D30BE32376F5FC0061D03A /* Debug */ = {
			isa = XCBuildConfiguration;
			buildSettings = {
				ALWAYS_SEARCH_USER_PATHS = NO;
				CLANG_ANALYZER_NONNULL = YES;
				CLANG_ANALYZER_NUMBER_OBJECT_CONVERSION = YES_AGGRESSIVE;
				CLANG_CXX_LANGUAGE_STANDARD = "gnu++14";
				CLANG_CXX_LIBRARY = "libc++";
				CLANG_ENABLE_MODULES = YES;
				CLANG_ENABLE_OBJC_ARC = YES;
				CLANG_ENABLE_OBJC_WEAK = YES;
				CLANG_WARN_BLOCK_CAPTURE_AUTORELEASING = YES;
				CLANG_WARN_BOOL_CONVERSION = YES;
				CLANG_WARN_COMMA = YES;
				CLANG_WARN_CONSTANT_CONVERSION = YES;
				CLANG_WARN_DEPRECATED_OBJC_IMPLEMENTATIONS = YES;
				CLANG_WARN_DIRECT_OBJC_ISA_USAGE = YES_ERROR;
				CLANG_WARN_DOCUMENTATION_COMMENTS = YES;
				CLANG_WARN_EMPTY_BODY = YES;
				CLANG_WARN_ENUM_CONVERSION = YES;
				CLANG_WARN_INFINITE_RECURSION = YES;
				CLANG_WARN_INT_CONVERSION = YES;
				CLANG_WARN_NON_LITERAL_NULL_CONVERSION = YES;
				CLANG_WARN_OBJC_IMPLICIT_RETAIN_SELF = YES;
				CLANG_WARN_OBJC_LITERAL_CONVERSION = YES;
				CLANG_WARN_OBJC_ROOT_CLASS = YES_ERROR;
				CLANG_WARN_RANGE_LOOP_ANALYSIS = YES;
				CLANG_WARN_STRICT_PROTOTYPES = YES;
				CLANG_WARN_SUSPICIOUS_MOVE = YES;
				CLANG_WARN_UNGUARDED_AVAILABILITY = YES_AGGRESSIVE;
				CLANG_WARN_UNREACHABLE_CODE = YES;
				CLANG_WARN__DUPLICATE_METHOD_MATCH = YES;
				COPY_PHASE_STRIP = NO;
				DEBUG_INFORMATION_FORMAT = dwarf;
				ENABLE_STRICT_OBJC_MSGSEND = YES;
				ENABLE_TESTABILITY = YES;
				GCC_C_LANGUAGE_STANDARD = gnu11;
				GCC_DYNAMIC_NO_PIC = NO;
				GCC_NO_COMMON_BLOCKS = YES;
				GCC_OPTIMIZATION_LEVEL = 0;
				GCC_PREPROCESSOR_DEFINITIONS = (
					"DEBUG=1",
					"$(inherited)",
				);
				GCC_WARN_64_TO_32_BIT_CONVERSION = YES;
				GCC_WARN_ABOUT_RETURN_TYPE = YES_ERROR;
				GCC_WARN_UNDECLARED_SELECTOR = YES;
				GCC_WARN_UNINITIALIZED_AUTOS = YES_AGGRESSIVE;
				GCC_WARN_UNUSED_FUNCTION = YES;
				GCC_WARN_UNUSED_VARIABLE = YES;
				IPHONEOS_DEPLOYMENT_TARGET = 13.2;
				MTL_ENABLE_DEBUG_INFO = INCLUDE_SOURCE;
				MTL_FAST_MATH = YES;
				ONLY_ACTIVE_ARCH = YES;
				SDKROOT = iphoneos;
			};
			name = Debug;
		};
		A5D30BE42376F5FC0061D03A /* Release */ = {
			isa = XCBuildConfiguration;
			buildSettings = {
				ALWAYS_SEARCH_USER_PATHS = NO;
				CLANG_ANALYZER_NONNULL = YES;
				CLANG_ANALYZER_NUMBER_OBJECT_CONVERSION = YES_AGGRESSIVE;
				CLANG_CXX_LANGUAGE_STANDARD = "gnu++14";
				CLANG_CXX_LIBRARY = "libc++";
				CLANG_ENABLE_MODULES = YES;
				CLANG_ENABLE_OBJC_ARC = YES;
				CLANG_ENABLE_OBJC_WEAK = YES;
				CLANG_WARN_BLOCK_CAPTURE_AUTORELEASING = YES;
				CLANG_WARN_BOOL_CONVERSION = YES;
				CLANG_WARN_COMMA = YES;
				CLANG_WARN_CONSTANT_CONVERSION = YES;
				CLANG_WARN_DEPRECATED_OBJC_IMPLEMENTATIONS = YES;
				CLANG_WARN_DIRECT_OBJC_ISA_USAGE = YES_ERROR;
				CLANG_WARN_DOCUMENTATION_COMMENTS = YES;
				CLANG_WARN_EMPTY_BODY = YES;
				CLANG_WARN_ENUM_CONVERSION = YES;
				CLANG_WARN_INFINITE_RECURSION = YES;
				CLANG_WARN_INT_CONVERSION = YES;
				CLANG_WARN_NON_LITERAL_NULL_CONVERSION = YES;
				CLANG_WARN_OBJC_IMPLICIT_RETAIN_SELF = YES;
				CLANG_WARN_OBJC_LITERAL_CONVERSION = YES;
				CLANG_WARN_OBJC_ROOT_CLASS = YES_ERROR;
				CLANG_WARN_RANGE_LOOP_ANALYSIS = YES;
				CLANG_WARN_STRICT_PROTOTYPES = YES;
				CLANG_WARN_SUSPICIOUS_MOVE = YES;
				CLANG_WARN_UNGUARDED_AVAILABILITY = YES_AGGRESSIVE;
				CLANG_WARN_UNREACHABLE_CODE = YES;
				CLANG_WARN__DUPLICATE_METHOD_MATCH = YES;
				COPY_PHASE_STRIP = NO;
				DEBUG_INFORMATION_FORMAT = "dwarf-with-dsym";
				ENABLE_NS_ASSERTIONS = NO;
				ENABLE_STRICT_OBJC_MSGSEND = YES;
				GCC_C_LANGUAGE_STANDARD = gnu11;
				GCC_NO_COMMON_BLOCKS = YES;
				GCC_WARN_64_TO_32_BIT_CONVERSION = YES;
				GCC_WARN_ABOUT_RETURN_TYPE = YES_ERROR;
				GCC_WARN_UNDECLARED_SELECTOR = YES;
				GCC_WARN_UNINITIALIZED_AUTOS = YES_AGGRESSIVE;
				GCC_WARN_UNUSED_FUNCTION = YES;
				GCC_WARN_UNUSED_VARIABLE = YES;
				IPHONEOS_DEPLOYMENT_TARGET = 13.2;
				MTL_ENABLE_DEBUG_INFO = NO;
				MTL_FAST_MATH = YES;
				SDKROOT = iphoneos;
				VALIDATE_PRODUCT = YES;
			};
			name = Release;
		};
		A5D30BE62376F5FC0061D03A /* Debug */ = {
			isa = XCBuildConfiguration;
			buildSettings = {
				ASSETCATALOG_COMPILER_APPICON_NAME = AppIcon;
				CODE_SIGN_STYLE = Automatic;
				INFOPLIST_FILE = RunLoop/Info.plist;
				LD_RUNPATH_SEARCH_PATHS = (
					"$(inherited)",
					"@executable_path/Frameworks",
				);
				PRODUCT_BUNDLE_IDENTIFIER = com.jianfeng.RunLoop;
				PRODUCT_NAME = "$(TARGET_NAME)";
				TARGETED_DEVICE_FAMILY = "1,2";
			};
			name = Debug;
		};
		A5D30BE72376F5FC0061D03A /* Release */ = {
			isa = XCBuildConfiguration;
			buildSettings = {
				ASSETCATALOG_COMPILER_APPICON_NAME = AppIcon;
				CODE_SIGN_STYLE = Automatic;
				INFOPLIST_FILE = RunLoop/Info.plist;
				LD_RUNPATH_SEARCH_PATHS = (
					"$(inherited)",
					"@executable_path/Frameworks",
				);
				PRODUCT_BUNDLE_IDENTIFIER = com.jianfeng.RunLoop;
				PRODUCT_NAME = "$(TARGET_NAME)";
				TARGETED_DEVICE_FAMILY = "1,2";
			};
			name = Release;
		};
		A5D30BE92376F5FC0061D03A /* Debug */ = {
			isa = XCBuildConfiguration;
			buildSettings = {
				BUNDLE_LOADER = "$(TEST_HOST)";
				CODE_SIGN_STYLE = Automatic;
				INFOPLIST_FILE = RunLoopTests/Info.plist;
				IPHONEOS_DEPLOYMENT_TARGET = 13.2;
				LD_RUNPATH_SEARCH_PATHS = (
					"$(inherited)",
					"@executable_path/Frameworks",
					"@loader_path/Frameworks",
				);
				PRODUCT_BUNDLE_IDENTIFIER = com.jianfeng.RunLoopTests;
				PRODUCT_NAME = "$(TARGET_NAME)";
				TARGETED_DEVICE_FAMILY = "1,2";
				TEST_HOST = "$(BUILT_PRODUCTS_DIR)/RunLoop.app/RunLoop";
			};
			name = Debug;
		};
		A5D30BEA2376F5FC0061D03A /* Release */ = {
			isa = XCBuildConfiguration;
			buildSettings = {
				BUNDLE_LOADER = "$(TEST_HOST)";
				CODE_SIGN_STYLE = Automatic;
				INFOPLIST_FILE = RunLoopTests/Info.plist;
				IPHONEOS_DEPLOYMENT_TARGET = 13.2;
				LD_RUNPATH_SEARCH_PATHS = (
					"$(inherited)",
					"@executable_path/Frameworks",
					"@loader_path/Frameworks",
				);
				PRODUCT_BUNDLE_IDENTIFIER = com.jianfeng.RunLoopTests;
				PRODUCT_NAME = "$(TARGET_NAME)";
				TARGETED_DEVICE_FAMILY = "1,2";
				TEST_HOST = "$(BUILT_PRODUCTS_DIR)/RunLoop.app/RunLoop";
			};
			name = Release;
		};
		A5D30BEC2376F5FC0061D03A /* Debug */ = {
			isa = XCBuildConfiguration;
			buildSettings = {
				CODE_SIGN_STYLE = Automatic;
				INFOPLIST_FILE = RunLoopUITests/Info.plist;
				LD_RUNPATH_SEARCH_PATHS = (
					"$(inherited)",
					"@executable_path/Frameworks",
					"@loader_path/Frameworks",
				);
				PRODUCT_BUNDLE_IDENTIFIER = com.jianfeng.RunLoopUITests;
				PRODUCT_NAME = "$(TARGET_NAME)";
				TARGETED_DEVICE_FAMILY = "1,2";
				TEST_TARGET_NAME = RunLoop;
			};
			name = Debug;
		};
		A5D30BED2376F5FC0061D03A /* Release */ = {
			isa = XCBuildConfiguration;
			buildSettings = {
				CODE_SIGN_STYLE = Automatic;
				INFOPLIST_FILE = RunLoopUITests/Info.plist;
				LD_RUNPATH_SEARCH_PATHS = (
					"$(inherited)",
					"@executable_path/Frameworks",
					"@loader_path/Frameworks",
				);
				PRODUCT_BUNDLE_IDENTIFIER = com.jianfeng.RunLoopUITests;
				PRODUCT_NAME = "$(TARGET_NAME)";
				TARGETED_DEVICE_FAMILY = "1,2";
				TEST_TARGET_NAME = RunLoop;
			};
			name = Release;
		};
/* End XCBuildConfiguration section */

/* Begin XCConfigurationList section */
		A5D30BB12376F5FA0061D03A /* Build configuration list for PBXProject "RunLoop" */ = {
			isa = XCConfigurationList;
			buildConfigurations = (
				A5D30BE32376F5FC0061D03A /* Debug */,
				A5D30BE42376F5FC0061D03A /* Release */,
			);
			defaultConfigurationIsVisible = 0;
			defaultConfigurationName = Release;
		};
		A5D30BE52376F5FC0061D03A /* Build configuration list for PBXNativeTarget "RunLoop" */ = {
			isa = XCConfigurationList;
			buildConfigurations = (
				A5D30BE62376F5FC0061D03A /* Debug */,
				A5D30BE72376F5FC0061D03A /* Release */,
			);
			defaultConfigurationIsVisible = 0;
			defaultConfigurationName = Release;
		};
		A5D30BE82376F5FC0061D03A /* Build configuration list for PBXNativeTarget "RunLoopTests" */ = {
			isa = XCConfigurationList;
			buildConfigurations = (
				A5D30BE92376F5FC0061D03A /* Debug */,
				A5D30BEA2376F5FC0061D03A /* Release */,
			);
			defaultConfigurationIsVisible = 0;
			defaultConfigurationName = Release;
		};
		A5D30BEB2376F5FC0061D03A /* Build configuration list for PBXNativeTarget "RunLoopUITests" */ = {
			isa = XCConfigurationList;
			buildConfigurations = (
				A5D30BEC2376F5FC0061D03A /* Debug */,
				A5D30BED2376F5FC0061D03A /* Release */,
			);
			defaultConfigurationIsVisible = 0;
			defaultConfigurationName = Release;
		};
/* End XCConfigurationList section */
	};
	rootObject = A5D30BAE2376F5FA0061D03A /* Project object */;
}
